
Microsoft Visual Studio Solution File, Format Version 12.00
# Visual Studio Version 16
VisualStudioVersion = 16.0.31624.102
MinimumVisualStudioVersion = 10.0.40219.1
Project("{FAE04EC0-301F-11D3-BF4B-00C04F79EFBC}") = "AdventureGame", "AdventureGame.csproj", "{A43BA962-0649-4B17-A595-A1460BDD4343}"
EndProject
Global
	GlobalSection(SolutionConfigurationPlatforms) = preSolution
		Debug|Any CPU = Debug|Any CPU
		Release|Any CPU = Release|Any CPU
	EndGlobalSection
	GlobalSection(ProjectConfigurationPlatforms) = postSolution
		{A43BA962-0649-4B17-A595-A1460BDD4343}.Debug|Any CPU.ActiveCfg = Debug|Any CPU
		{A43BA962-0649-4B17-A595-A1460BDD4343}.Debug|Any CPU.Build.0 = Debug|Any CPU
		{A43BA962-0649-4B17-A595-A1460BDD4343}.Release|Any CPU.ActiveCfg = Release|Any CPU
		{A43BA962-0649-4B17-A595-A1460BDD4343}.Release|Any CPU.Build.0 = Release|Any CPU
	EndGlobalSection
	GlobalSection(SolutionProperties) = preSolution
		HideSolutionNode = FALSE
	EndGlobalSection
	GlobalSection(ExtensibilityGlobals) = postSolution
		SolutionGuid = {DB5FE9DD-1094-4BB0-92DA-5618EC9A6274}
	EndGlobalSection
EndGlobal
